
Microsoft Visual Studio Solution File, Format Version 12.00
# Visual Studio Version 17
VisualStudioVersion = 17.0.31903.59
MinimumVisualStudioVersion = 10.0.40219.1
Project("{2150E333-8FDC-42A3-9474-1A3956D46DE8}") = "src", "src", "{49698340-C3CE-4A78-9124-1B065286418B}"
EndProject
Project("{FAE04EC0-301F-11D3-BF4B-00C04F79EFBC}") = "Library", "src\Library\Library.csproj", "{34C6BAFC-EC45-409B-836A-C86F826DB2B6}"
EndProject
Project("{FAE04EC0-301F-11D3-BF4B-00C04F79EFBC}") = "Program", "src\Program\Program.csproj", "{93F42AB1-F6B0-48AB-AEFD-B9CFF4DED3D3}"
EndProject
Project("{2150E333-8FDC-42A3-9474-1A3956D46DE8}") = "test", "test", "{9027F368-70C2-4382-91AC-798A0C4DAC46}"
EndProject
Project("{FAE04EC0-301F-11D3-BF4B-00C04F79EFBC}") = "Library.Tests", "test\Library.Tests\Library.Tests.csproj", "{B3FC224A-C35B-4CCE-B2C5-798B7477D0E8}"
EndProject
Global
	GlobalSection(SolutionConfigurationPlatforms) = preSolution
		Debug|Any CPU = Debug|Any CPU
		Release|Any CPU = Release|Any CPU
	EndGlobalSection
	GlobalSection(SolutionProperties) = preSolution
		HideSolutionNode = FALSE
	EndGlobalSection
	GlobalSection(ProjectConfigurationPlatforms) = postSolution
		{34C6BAFC-EC45-409B-836A-C86F826DB2B6}.Debug|Any CPU.ActiveCfg = Debug|Any CPU
		{34C6BAFC-EC45-409B-836A-C86F826DB2B6}.Debug|Any CPU.Build.0 = Debug|Any CPU
		{34C6BAFC-EC45-409B-836A-C86F826DB2B6}.Release|Any CPU.ActiveCfg = Release|Any CPU
		{34C6BAFC-EC45-409B-836A-C86F826DB2B6}.Release|Any CPU.Build.0 = Release|Any CPU
		{93F42AB1-F6B0-48AB-AEFD-B9CFF4DED3D3}.Debug|Any CPU.ActiveCfg = Debug|Any CPU
		{93F42AB1-F6B0-48AB-AEFD-B9CFF4DED3D3}.Debug|Any CPU.Build.0 = Debug|Any CPU
		{93F42AB1-F6B0-48AB-AEFD-B9CFF4DED3D3}.Release|Any CPU.ActiveCfg = Release|Any CPU
		{93F42AB1-F6B0-48AB-AEFD-B9CFF4DED3D3}.Release|Any CPU.Build.0 = Release|Any CPU
		{B3FC224A-C35B-4CCE-B2C5-798B7477D0E8}.Debug|Any CPU.ActiveCfg = Debug|Any CPU
		{B3FC224A-C35B-4CCE-B2C5-798B7477D0E8}.Debug|Any CPU.Build.0 = Debug|Any CPU
		{B3FC224A-C35B-4CCE-B2C5-798B7477D0E8}.Release|Any CPU.ActiveCfg = Release|Any CPU
		{B3FC224A-C35B-4CCE-B2C5-798B7477D0E8}.Release|Any CPU.Build.0 = Release|Any CPU
	EndGlobalSection
	GlobalSection(NestedProjects) = preSolution
		{34C6BAFC-EC45-409B-836A-C86F826DB2B6} = {49698340-C3CE-4A78-9124-1B065286418B}
		{93F42AB1-F6B0-48AB-AEFD-B9CFF4DED3D3} = {49698340-C3CE-4A78-9124-1B065286418B}
		{B3FC224A-C35B-4CCE-B2C5-798B7477D0E8} = {9027F368-70C2-4382-91AC-798A0C4DAC46}
	EndGlobalSection
EndGlobal
